
Microsoft Visual Studio Solution File, Format Version 12.00
# Visual Studio Version 17
VisualStudioVersion = 17.5.33502.453
MinimumVisualStudioVersion = 10.0.40219.1
Project("{FAE04EC0-301F-11D3-BF4B-00C04F79EFBC}") = "ZH", "ZH\ZH.csproj", "{F283971A-B3E7-4052-81D2-B84E08946DDE}"
EndProject
Global
	GlobalSection(SolutionConfigurationPlatforms) = preSolution
		Debug|Any CPU = Debug|Any CPU
		Release|Any CPU = Release|Any CPU
	EndGlobalSection
	GlobalSection(ProjectConfigurationPlatforms) = postSolution
		{F283971A-B3E7-4052-81D2-B84E08946DDE}.Debug|Any CPU.ActiveCfg = Debug|Any CPU
		{F283971A-B3E7-4052-81D2-B84E08946DDE}.Debug|Any CPU.Build.0 = Debug|Any CPU
		{F283971A-B3E7-4052-81D2-B84E08946DDE}.Release|Any CPU.ActiveCfg = Release|Any CPU
		{F283971A-B3E7-4052-81D2-B84E08946DDE}.Release|Any CPU.Build.0 = Release|Any CPU
	EndGlobalSection
	GlobalSection(SolutionProperties) = preSolution
		HideSolutionNode = FALSE
	EndGlobalSection
	GlobalSection(ExtensibilityGlobals) = postSolution
		SolutionGuid = {40898CE7-5F6D-4628-9B92-0A9FF0891CC4}
	EndGlobalSection
EndGlobal
